{
  "nodes": {
    "flake-compat": {
      "flake": false,
      "locked": {
        "lastModified": 1650374568,
        "narHash": "sha256-Z+s0J8/r907g149rllvwhb4pKi8Wam5ij0st8PwAh+E=",
        "owner": "edolstra",
        "repo": "flake-compat",
        "rev": "b4a34015c698c7793d592d66adbab377907a2be8",
        "type": "github"
      },
      "original": {
        "owner": "edolstra",
        "repo": "flake-compat",
        "type": "github"
      }
    },
    "flake-utils": {
      "locked": {
        "lastModified": 1656928814,
        "narHash": "sha256-RIFfgBuKz6Hp89yRr7+NR5tzIAbn52h8vT6vXkYjZoM=",
        "owner": "numtide",
        "repo": "flake-utils",
        "rev": "7e2a3b3dfd9af950a856d66b0a7d01e3c18aa249",
        "type": "github"
      },
      "original": {
        "owner": "numtide",
        "repo": "flake-utils",
        "type": "github"
      }
    },
    "nix-flake-tests": {
      "locked": {
        "lastModified": 1616362008,
        "narHash": "sha256-f3G/zSTHgtqy7Ty2W6AvM3jtGcqVBXg103slRUsyjYE=",
        "owner": "antifuchs",
        "repo": "nix-flake-tests",
        "rev": "d54d142f6bfb7f82ef1a60ebc315d56d0430ad70",
        "type": "github"
      },
      "original": {
        "owner": "antifuchs",
        "repo": "nix-flake-tests",
        "type": "github"
      }
    },
    "nixneovim": {
      "inputs": {
        "nix-flake-tests": "nix-flake-tests",
        "nixneovimplugins": "nixneovimplugins",
        "nixpkgs": [
          "nixpkgs"
        ],
        "nmd": "nmd"
      },
      "locked": {
        "lastModified": 1676929047,
        "narHash": "sha256-h//4whoxhBnE81JpmvT1h5+PKNmFFQziWiiosJDXftE=",
        "owner": "nixneovim",
        "repo": "nixneovim",
        "rev": "ba2f03dd76023c346a54e1a1be35d8724012684d",
        "type": "github"
      },
      "original": {
        "owner": "nixneovim",
        "repo": "nixneovim",
        "type": "github"
      }
    },
    "nixneovimplugins": {
      "inputs": {
        "flake-compat": "flake-compat",
        "flake-utils": "flake-utils",
        "nixpkgs": "nixpkgs"
      },
      "locked": {
        "lastModified": 1676563957,
        "narHash": "sha256-DdZoHSZDSGnMQ9Zv0Rv2rW9viJ+mjncbhSJp+xVf/Uc=",
        "owner": "nixneovim",
        "repo": "nixneovimplugins",
        "rev": "4728f9781f622c9c0c4bfdf0fe425ee2e2d67f51",
        "type": "github"
      },
      "original": {
        "owner": "nixneovim",
        "repo": "nixneovimplugins",
        "type": "github"
      }
    },
    "nixos": {
      "locked": {
        "lastModified": 1678500271,
        "narHash": "sha256-tRBLElf6f02HJGG0ZR7znMNFv/Uf7b2fFInpTHiHaSE=",
        "owner": "nixos",
        "repo": "nixpkgs",
        "rev": "5eb98948b66de29f899c7fe27ae112a47964baf8",
        "type": "github"
      },
      "original": {
        "owner": "nixos",
        "ref": "nixos-22.11",
        "repo": "nixpkgs",
        "type": "github"
      }
    },
    "nixpkgs": {
      "locked": {
        "lastModified": 1659190188,
        "narHash": "sha256-LudYrDFPFaQMW0l68TYkPWRPKmqpxIFU1nWfylIp9AQ=",
        "owner": "NixOS",
        "repo": "nixpkgs",
        "rev": "a3fddd46a7f3418d7e3940ded94701aba569161d",
        "type": "github"
      },
      "original": {
        "owner": "NixOS",
        "ref": "nixpkgs-unstable",
        "repo": "nixpkgs",
        "type": "github"
      }
    },
    "nixpkgs_2": {
      "locked": {
        "lastModified": 1677624842,
        "narHash": "sha256-4DF9DbDuK4/+KYx0L6XcPBeDHUFVCtzok2fWtwXtb5w=",
        "owner": "NixOS",
        "repo": "nixpkgs",
        "rev": "d70f5cd5c3bef45f7f52698f39e7cc7a89daa7f0",
        "type": "github"
      },
      "original": {
        "id": "nixpkgs",
        "ref": "nixos-22.11",
        "type": "indirect"
      }
    },
    "nmd": {
      "flake": false,
      "locked": {
        "lastModified": 1675884907,
        "narHash": "sha256-IyLmIotAp7g6sxjeKx6gl52KQ/Xi6wyyHFhd/AWuM5o=",
        "owner": "rycee",
        "repo": "nmd",
        "rev": "fa87e124c83ba343f88607b7348a4bd8a0ad061c",
        "type": "gitlab"
      },
      "original": {
        "owner": "rycee",
        "repo": "nmd",
        "type": "gitlab"
      }
    },
    "root": {
      "inputs": {
        "nixneovim": "nixneovim",
        "nixos": "nixos",
        "nixpkgs": "nixpkgs_2"
      }
    }
  },
  "root": "root",
  "version": 7
}
